
Microsoft Visual Studio Solution File, Format Version 12.00
# Visual Studio 2013
VisualStudioVersion = 12.0.31101.0
MinimumVisualStudioVersion = 10.0.40219.1
Project("{FAE04EC0-301F-11D3-BF4B-00C04F79EFBC}") = "CSharpBoiler", "CSharpBoiler\CSharpBoiler.csproj", "{D35EB0D1-4982-49F9-9C0B-7841B12DF851}"
EndProject
Project("{F088123C-0E9E-452A-89E6-6BA2F21D5CAC}") = "DemoMP", "DemoMP\DemoMP.modelproj", "{D0125E93-FD4B-48BD-8D44-A61022A1E57D}"
EndProject
Project("{FAE04EC0-301F-11D3-BF4B-00C04F79EFBC}") = "DemoMPLib", "DemoMPLib\DemoMPLib.csproj", "{D783AA6F-ECAD-4824-9248-586BFAA89F9F}"
EndProject
Global
	GlobalSection(SolutionConfigurationPlatforms) = preSolution
		Debug|Any CPU = Debug|Any CPU
		Debug|x64 = Debug|x64
		Debug|x86 = Debug|x86
		Release|Any CPU = Release|Any CPU
		Release|x64 = Release|x64
		Release|x86 = Release|x86
	EndGlobalSection
	GlobalSection(ProjectConfigurationPlatforms) = postSolution
		{D35EB0D1-4982-49F9-9C0B-7841B12DF851}.Debug|Any CPU.ActiveCfg = Debug|Any CPU
		{D35EB0D1-4982-49F9-9C0B-7841B12DF851}.Debug|Any CPU.Build.0 = Debug|Any CPU
		{D35EB0D1-4982-49F9-9C0B-7841B12DF851}.Debug|x64.ActiveCfg = Debug|x64
		{D35EB0D1-4982-49F9-9C0B-7841B12DF851}.Debug|x64.Build.0 = Debug|x64
		{D35EB0D1-4982-49F9-9C0B-7841B12DF851}.Debug|x86.ActiveCfg = Debug|x86
		{D35EB0D1-4982-49F9-9C0B-7841B12DF851}.Debug|x86.Build.0 = Debug|x86
		{D35EB0D1-4982-49F9-9C0B-7841B12DF851}.Release|Any CPU.ActiveCfg = Release|Any CPU
		{D35EB0D1-4982-49F9-9C0B-7841B12DF851}.Release|Any CPU.Build.0 = Release|Any CPU
		{D35EB0D1-4982-49F9-9C0B-7841B12DF851}.Release|x64.ActiveCfg = Release|x64
		{D35EB0D1-4982-49F9-9C0B-7841B12DF851}.Release|x64.Build.0 = Release|x64
		{D35EB0D1-4982-49F9-9C0B-7841B12DF851}.Release|x86.ActiveCfg = Release|x86
		{D35EB0D1-4982-49F9-9C0B-7841B12DF851}.Release|x86.Build.0 = Release|x86
		{D0125E93-FD4B-48BD-8D44-A61022A1E57D}.Debug|Any CPU.ActiveCfg = Debug|Any CPU
		{D0125E93-FD4B-48BD-8D44-A61022A1E57D}.Debug|Any CPU.Build.0 = Debug|Any CPU
		{D0125E93-FD4B-48BD-8D44-A61022A1E57D}.Debug|x64.ActiveCfg = Debug|Any CPU
		{D0125E93-FD4B-48BD-8D44-A61022A1E57D}.Debug|x86.ActiveCfg = Debug|Any CPU
		{D0125E93-FD4B-48BD-8D44-A61022A1E57D}.Release|Any CPU.ActiveCfg = Release|Any CPU
		{D0125E93-FD4B-48BD-8D44-A61022A1E57D}.Release|Any CPU.Build.0 = Release|Any CPU
		{D0125E93-FD4B-48BD-8D44-A61022A1E57D}.Release|x64.ActiveCfg = Release|Any CPU
		{D0125E93-FD4B-48BD-8D44-A61022A1E57D}.Release|x86.ActiveCfg = Release|Any CPU
		{D783AA6F-ECAD-4824-9248-586BFAA89F9F}.Debug|Any CPU.ActiveCfg = Debug|Any CPU
		{D783AA6F-ECAD-4824-9248-586BFAA89F9F}.Debug|Any CPU.Build.0 = Debug|Any CPU
		{D783AA6F-ECAD-4824-9248-586BFAA89F9F}.Debug|x64.ActiveCfg = Debug|Any CPU
		{D783AA6F-ECAD-4824-9248-586BFAA89F9F}.Debug|x86.ActiveCfg = Debug|Any CPU
		{D783AA6F-ECAD-4824-9248-586BFAA89F9F}.Release|Any CPU.ActiveCfg = Release|Any CPU
		{D783AA6F-ECAD-4824-9248-586BFAA89F9F}.Release|Any CPU.Build.0 = Release|Any CPU
		{D783AA6F-ECAD-4824-9248-586BFAA89F9F}.Release|x64.ActiveCfg = Release|Any CPU
		{D783AA6F-ECAD-4824-9248-586BFAA89F9F}.Release|x86.ActiveCfg = Release|Any CPU
	EndGlobalSection
	GlobalSection(SolutionProperties) = preSolution
		HideSolutionNode = FALSE
	EndGlobalSection
EndGlobal
